// !$*UTF8*$!
{
	archiveVersion = 1;
	classes = {
	};
	objectVersion = 46;
	objects = {

/* Begin PBXBuildFile section */
		6303EB861F446F00007B3C39 /* main.m in Sources */ = {isa = PBXBuildFile; fileRef = 6303EB851F446F00007B3C39 /* main.m */; };
		6303EB891F446F00007B3C39 /* AppDelegate.m in Sources */ = {isa = PBXBuildFile; fileRef = 6303EB881F446F00007B3C39 /* AppDelegate.m */; };
		6303EB8C1F446F00007B3C39 /* HJQRScanner.m in Sources */ = {isa = PBXBuildFile; fileRef = 6303EB8B1F446F00007B3C39 /* HJQRScanner.m */; };
		6303EB8F1F446F00007B3C39 /* Main.storyboard in Resources */ = {isa = PBXBuildFile; fileRef = 6303EB8D1F446F00007B3C39 /* Main.storyboard */; };
		6303EB911F446F00007B3C39 /* Assets.xcassets in Resources */ = {isa = PBXBuildFile; fileRef = 6303EB901F446F00007B3C39 /* Assets.xcassets */; };
		6303EB941F446F00007B3C39 /* LaunchScreen.storyboard in Resources */ = {isa = PBXBuildFile; fileRef = 6303EB921F446F00007B3C39 /* LaunchScreen.storyboard */; };
		6303EB9D1F4485D8007B3C39 /* TestViewController.m in Sources */ = {isa = PBXBuildFile; fileRef = 6303EB9C1F4485D8007B3C39 /* TestViewController.m */; };
/* End PBXBuildFile section */

/* Begin PBXFileReference section */
		6303EB811F446F00007B3C39 /* QRReader.app */ = {isa = PBXFileReference; explicitFileType = wrapper.application; includeInIndex = 0; path = QRReader.app; sourceTree = BUILT_PRODUCTS_DIR; };
		6303EB851F446F00007B3C39 /* main.m */ = {isa = PBXFileReference; lastKnownFileType = sourcecode.c.objc; path = main.m; sourceTree = "<group>"; };
		6303EB871F446F00007B3C39 /* AppDelegate.h */ = {isa = PBXFileReference; lastKnownFileType = sourcecode.c.h; path = AppDelegate.h; sourceTree = "<group>"; };
		6303EB881F446F00007B3C39 /* AppDelegate.m */ = {isa = PBXFileReference; lastKnownFileType = sourcecode.c.objc; path = AppDelegate.m; sourceTree = "<group>"; };
		6303EB8A1F446F00007B3C39 /* HJQRScanner.h */ = {isa = PBXFileReference; lastKnownFileType = sourcecode.c.h; path = HJQRScanner.h; sourceTree = "<group>"; };
		6303EB8B1F446F00007B3C39 /* HJQRScanner.m */ = {isa = PBXFileReference; lastKnownFileType = sourcecode.c.objc; path = HJQRScanner.m; sourceTree = "<group>"; };
		6303EB8E1F446F00007B3C39 /* Base */ = {isa = PBXFileReference; lastKnownFileType = file.storyboard; name = Base; path = Base.lproj/Main.storyboard; sourceTree = "<group>"; };
		6303EB901F446F00007B3C39 /* Assets.xcassets */ = {isa = PBXFileReference; lastKnownFileType = folder.assetcatalog; path = Assets.xcassets; sourceTree = "<group>"; };
		6303EB931F446F00007B3C39 /* Base */ = {isa = PBXFileReference; lastKnownFileType = file.storyboard; name = Base; path = Base.lproj/LaunchScreen.storyboard; sourceTree = "<group>"; };
		6303EB951F446F00007B3C39 /* Info.plist */ = {isa = PBXFileReference; lastKnownFileType = text.plist.xml; path = Info.plist; sourceTree = "<group>"; };
		6303EB9B1F4485D8007B3C39 /* TestViewController.h */ = {isa = PBXFileReference; fileEncoding = 4; lastKnownFileType = sourcecode.c.h; path = TestViewController.h; sourceTree = "<group>"; };
		6303EB9C1F4485D8007B3C39 /* TestViewController.m */ = {isa = PBXFileReference; fileEncoding = 4; lastKnownFileType = sourcecode.c.objc; path = TestViewController.m; sourceTree = "<group>"; };
/* End PBXFileReference section */

/* Begin PBXFrameworksBuildPhase section */
		6303EB7E1F446F00007B3C39 /* Frameworks */ = {
			isa = PBXFrameworksBuildPhase;
			buildActionMask = 2147483647;
			files = (
			);
			runOnlyForDeploymentPostprocessing = 0;
		};
/* End PBXFrameworksBuildPhase section */

/* Begin PBXGroup section */
		6303EB781F446F00007B3C39 = {
			isa = PBXGroup;
			children = (
				6303EB831F446F00007B3C39 /* QRReader */,
				6303EB821F446F00007B3C39 /* Products */,
			);
			sourceTree = "<group>";
		};
		6303EB821F446F00007B3C39 /* Products */ = {
			isa = PBXGroup;
			children = (
				6303EB811F446F00007B3C39 /* QRReader.app */,
			);
			name = Products;
			sourceTree = "<group>";
		};
		6303EB831F446F00007B3C39 /* QRReader */ = {
			isa = PBXGroup;
			children = (
				6303EB871F446F00007B3C39 /* AppDelegate.h */,
				6303EB881F446F00007B3C39 /* AppDelegate.m */,
				6303EB8A1F446F00007B3C39 /* HJQRScanner.h */,
				6303EB8B1F446F00007B3C39 /* HJQRScanner.m */,
				6303EB8D1F446F00007B3C39 /* Main.storyboard */,
				6303EB9B1F4485D8007B3C39 /* TestViewController.h */,
				6303EB9C1F4485D8007B3C39 /* TestViewController.m */,
				6303EB901F446F00007B3C39 /* Assets.xcassets */,
				6303EB921F446F00007B3C39 /* LaunchScreen.storyboard */,
				6303EB951F446F00007B3C39 /* Info.plist */,
				6303EB841F446F00007B3C39 /* Supporting Files */,
			);
			path = QRReader;
			sourceTree = "<group>";
		};
		6303EB841F446F00007B3C39 /* Supporting Files */ = {
			isa = PBXGroup;
			children = (
				6303EB851F446F00007B3C39 /* main.m */,
			);
			name = "Supporting Files";
			sourceTree = "<group>";
		};
/* End PBXGroup section */

/* Begin PBXNativeTarget section */
		6303EB801F446F00007B3C39 /* QRReader */ = {
			isa = PBXNativeTarget;
			buildConfigurationList = 6303EB981F446F00007B3C39 /* Build configuration list for PBXNativeTarget "QRReader" */;
			buildPhases = (
				6303EB7D1F446F00007B3C39 /* Sources */,
				6303EB7E1F446F00007B3C39 /* Frameworks */,
				6303EB7F1F446F00007B3C39 /* Resources */,
			);
			buildRules = (
			);
			dependencies = (
			);
			name = QRReader;
			productName = QRReader;
			productReference = 6303EB811F446F00007B3C39 /* QRReader.app */;
			productType = "com.apple.product-type.application";
		};
/* End PBXNativeTarget section */

/* Begin PBXProject section */
		6303EB791F446F00007B3C39 /* Project object */ = {
			isa = PBXProject;
			attributes = {
				LastUpgradeCheck = 0830;
				ORGANIZATIONNAME = "Hussein Jaber";
				TargetAttributes = {
					6303EB801F446F00007B3C39 = {
						CreatedOnToolsVersion = 8.3.3;
						DevelopmentTeam = SGAW4ZB949;
						ProvisioningStyle = Automatic;
					};
				};
			};
			buildConfigurationList = 6303EB7C1F446F00007B3C39 /* Build configuration list for PBXProject "QRReader" */;
			compatibilityVersion = "Xcode 3.2";
			developmentRegion = English;
			hasScannedForEncodings = 0;
			knownRegions = (
				en,
				Base,
			);
			mainGroup = 6303EB781F446F00007B3C39;
			productRefGroup = 6303EB821F446F00007B3C39 /* Products */;
			projectDirPath = "";
			projectRoot = "";
			targets = (
				6303EB801F446F00007B3C39 /* QRReader */,
			);
		};
/* End PBXProject section */

/* Begin PBXResourcesBuildPhase section */
		6303EB7F1F446F00007B3C39 /* Resources */ = {
			isa = PBXResourcesBuildPhase;
			buildActionMask = 2147483647;
			files = (
				6303EB941F446F00007B3C39 /* LaunchScreen.storyboard in Resources */,
				6303EB911F446F00007B3C39 /* Assets.xcassets in Resources */,
				6303EB8F1F446F00007B3C39 /* Main.storyboard in Resources */,
			);
			runOnlyForDeploymentPostprocessing = 0;
		};
/* End PBXResourcesBuildPhase section */

/* Begin PBXSourcesBuildPhase section */
		6303EB7D1F446F00007B3C39 /* Sources */ = {
			isa = PBXSourcesBuildPhase;
			buildActionMask = 2147483647;
			files = (
				6303EB8C1F446F00007B3C39 /* HJQRScanner.m in Sources */,
				6303EB891F446F00007B3C39 /* AppDelegate.m in Sources */,
				6303EB9D1F4485D8007B3C39 /* TestViewController.m in Sources */,
				6303EB861F446F00007B3C39 /* main.m in Sources */,
			);
			runOnlyForDeploymentPostprocessing = 0;
		};
/* End PBXSourcesBuildPhase section */

/* Begin PBXVariantGroup section */
		6303EB8D1F446F00007B3C39 /* Main.storyboard */ = {
			isa = PBXVariantGroup;
			children = (
				6303EB8E1F446F00007B3C39 /* Base */,
			);
			name = Main.storyboard;
			sourceTree = "<group>";
		};
		6303EB921F446F00007B3C39 /* LaunchScreen.storyboard */ = {
			isa = PBXVariantGroup;
			children = (
				6303EB931F446F00007B3C39 /* Base */,
			);
			name = LaunchScreen.storyboard;
			sourceTree = "<group>";
		};
/* End PBXVariantGroup section */

/* Begin XCBuildConfiguration section */
		6303EB961F446F00007B3C39 /* Debug */ = {
			isa = XCBuildConfiguration;
			buildSettings = {
				ALWAYS_SEARCH_USER_PATHS = NO;
				CLANG_ANALYZER_NONNULL = YES;
				CLANG_ANALYZER_NUMBER_OBJECT_CONVERSION = YES_AGGRESSIVE;
				CLANG_CXX_LANGUAGE_STANDARD = "gnu++0x";
				CLANG_CXX_LIBRARY = "libc++";
				CLANG_ENABLE_MODULES = YES;
				CLANG_ENABLE_OBJC_ARC = YES;
				CLANG_WARN_BOOL_CONVERSION = YES;
				CLANG_WARN_CONSTANT_CONVERSION = YES;
				CLANG_WARN_DIRECT_OBJC_ISA_USAGE = YES_ERROR;
				CLANG_WARN_DOCUMENTATION_COMMENTS = YES;
				CLANG_WARN_EMPTY_BODY = YES;
				CLANG_WARN_ENUM_CONVERSION = YES;
				CLANG_WARN_INFINITE_RECURSION = YES;
				CLANG_WARN_INT_CONVERSION = YES;
				CLANG_WARN_OBJC_ROOT_CLASS = YES_ERROR;
				CLANG_WARN_SUSPICIOUS_MOVE = YES;
				CLANG_WARN_UNREACHABLE_CODE = YES;
				CLANG_WARN__DUPLICATE_METHOD_MATCH = YES;
				"CODE_SIGN_IDENTITY[sdk=iphoneos*]" = "iPhone Developer";
				COPY_PHASE_STRIP = NO;
				DEBUG_INFORMATION_FORMAT = dwarf;
				ENABLE_STRICT_OBJC_MSGSEND = YES;
				ENABLE_TESTABILITY = YES;
				GCC_C_LANGUAGE_STANDARD = gnu99;
				GCC_DYNAMIC_NO_PIC = NO;
				GCC_NO_COMMON_BLOCKS = YES;
				GCC_OPTIMIZATION_LEVEL = 0;
				GCC_PREPROCESSOR_DEFINITIONS = (
					"DEBUG=1",
					"$(inherited)",
				);
				GCC_WARN_64_TO_32_BIT_CONVERSION = YES;
				GCC_WARN_ABOUT_RETURN_TYPE = YES_ERROR;
				GCC_WARN_UNDECLARED_SELECTOR = YES;
				GCC_WARN_UNINITIALIZED_AUTOS = YES_AGGRESSIVE;
				GCC_WARN_UNUSED_FUNCTION = YES;
				GCC_WARN_UNUSED_VARIABLE = YES;
				IPHONEOS_DEPLOYMENT_TARGET = 10.3;
				MTL_ENABLE_DEBUG_INFO = YES;
				ONLY_ACTIVE_ARCH = YES;
				SDKROOT = iphoneos;
			};
			name = Debug;
		};
		6303EB971F446F00007B3C39 /* Release */ = {
			isa = XCBuildConfiguration;
			buildSettings = {
				ALWAYS_SEARCH_USER_PATHS = NO;
				CLANG_ANALYZER_NONNULL = YES;
				CLANG_ANALYZER_NUMBER_OBJECT_CONVERSION = YES_AGGRESSIVE;
				CLANG_CXX_LANGUAGE_STANDARD = "gnu++0x";
				CLANG_CXX_LIBRARY = "libc++";
				CLANG_ENABLE_MODULES = YES;
				CLANG_ENABLE_OBJC_ARC = YES;
				CLANG_WARN_BOOL_CONVERSION = YES;
				CLANG_WARN_CONSTANT_CONVERSION = YES;
				CLANG_WARN_DIRECT_OBJC_ISA_USAGE = YES_ERROR;
				CLANG_WARN_DOCUMENTATION_COMMENTS = YES;
				CLANG_WARN_EMPTY_BODY = YES;
				CLANG_WARN_ENUM_CONVERSION = YES;
				CLANG_WARN_INFINITE_RECURSION = YES;
				CLANG_WARN_INT_CONVERSION = YES;
				CLANG_WARN_OBJC_ROOT_CLASS = YES_ERROR;
				CLANG_WARN_SUSPICIOUS_MOVE = YES;
				CLANG_WARN_UNREACHABLE_CODE = YES;
				CLANG_WARN__DUPLICATE_METHOD_MATCH = YES;
				"CODE_SIGN_IDENTITY[sdk=iphoneos*]" = "iPhone Developer";
				COPY_PHASE_STRIP = NO;
				DEBUG_INFORMATION_FORMAT = "dwarf-with-dsym";
				ENABLE_NS_ASSERTIONS = NO;
				ENABLE_STRICT_OBJC_MSGSEND = YES;
				GCC_C_LANGUAGE_STANDARD = gnu99;
				GCC_NO_COMMON_BLOCKS = YES;
				GCC_WARN_64_TO_32_BIT_CONVERSION = YES;
				GCC_WARN_ABOUT_RETURN_TYPE = YES_ERROR;
				GCC_WARN_UNDECLARED_SELECTOR = YES;
				GCC_WARN_UNINITIALIZED_AUTOS = YES_AGGRESSIVE;
				GCC_WARN_UNUSED_FUNCTION = YES;
				GCC_WARN_UNUSED_VARIABLE = YES;
				IPHONEOS_DEPLOYMENT_TARGET = 10.3;
				MTL_ENABLE_DEBUG_INFO = NO;
				SDKROOT = iphoneos;
				VALIDATE_PRODUCT = YES;
			};
			name = Release;
		};
		6303EB991F446F00007B3C39 /* Debug */ = {
			isa = XCBuildConfiguration;
			buildSettings = {
				ASSETCATALOG_COMPILER_APPICON_NAME = AppIcon;
				DEVELOPMENT_TEAM = SGAW4ZB949;
				INFOPLIST_FILE = QRReader/Info.plist;
				LD_RUNPATH_SEARCH_PATHS = "$(inherited) @executable_path/Frameworks";
				PRODUCT_BUNDLE_IDENTIFIER = com.hujaber.QRReader;
				PRODUCT_NAME = "$(TARGET_NAME)";
			};
			name = Debug;
		};
		6303EB9A1F446F00007B3C39 /* Release */ = {
			isa = XCBuildConfiguration;
			buildSettings = {
				ASSETCATALOG_COMPILER_APPICON_NAME = AppIcon;
				DEVELOPMENT_TEAM = SGAW4ZB949;
				INFOPLIST_FILE = QRReader/Info.plist;
				LD_RUNPATH_SEARCH_PATHS = "$(inherited) @executable_path/Frameworks";
				PRODUCT_BUNDLE_IDENTIFIER = com.hujaber.QRReader;
				PRODUCT_NAME = "$(TARGET_NAME)";
			};
			name = Release;
		};
/* End XCBuildConfiguration section */

/* Begin XCConfigurationList section */
		6303EB7C1F446F00007B3C39 /* Build configuration list for PBXProject "QRReader" */ = {
			isa = XCConfigurationList;
			buildConfigurations = (
				6303EB961F446F00007B3C39 /* Debug */,
				6303EB971F446F00007B3C39 /* Release */,
			);
			defaultConfigurationIsVisible = 0;
			defaultConfigurationName = Release;
		};
		6303EB981F446F00007B3C39 /* Build configuration list for PBXNativeTarget "QRReader" */ = {
			isa = XCConfigurationList;
			buildConfigurations = (
				6303EB991F446F00007B3C39 /* Debug */,
				6303EB9A1F446F00007B3C39 /* Release */,
			);
			defaultConfigurationIsVisible = 0;
		};
/* End XCConfigurationList section */
	};
	rootObject = 6303EB791F446F00007B3C39 /* Project object */;
}
